
Microsoft Visual Studio Solution File, Format Version 12.00
# Visual Studio Version 17
VisualStudioVersion = 17.0.31903.59
MinimumVisualStudioVersion = 10.0.40219.1
Project("{2150E333-8FDC-42A3-9474-1A3956D46DE8}") = "src", "src", "{217292C1-1261-4677-96CB-C278D8A46D4A}"
EndProject
Project("{FAE04EC0-301F-11D3-BF4B-00C04F79EFBC}") = "StomaDesk", "src\StomaDesk\StomaDesk.csproj", "{959A91CD-3846-4F22-96AF-3EBB78E451A2}"
EndProject
Global
	GlobalSection(SolutionConfigurationPlatforms) = preSolution
		Debug|Any CPU = Debug|Any CPU
		Release|Any CPU = Release|Any CPU
	EndGlobalSection
	GlobalSection(SolutionProperties) = preSolution
		HideSolutionNode = FALSE
	EndGlobalSection
	GlobalSection(ProjectConfigurationPlatforms) = postSolution
		{959A91CD-3846-4F22-96AF-3EBB78E451A2}.Debug|Any CPU.ActiveCfg = Debug|Any CPU
		{959A91CD-3846-4F22-96AF-3EBB78E451A2}.Debug|Any CPU.Build.0 = Debug|Any CPU
		{959A91CD-3846-4F22-96AF-3EBB78E451A2}.Release|Any CPU.ActiveCfg = Release|Any CPU
		{959A91CD-3846-4F22-96AF-3EBB78E451A2}.Release|Any CPU.Build.0 = Release|Any CPU
	EndGlobalSection
	GlobalSection(NestedProjects) = preSolution
		{959A91CD-3846-4F22-96AF-3EBB78E451A2} = {217292C1-1261-4677-96CB-C278D8A46D4A}
	EndGlobalSection
EndGlobal
